
Microsoft Visual Studio Solution File, Format Version 12.00
# Visual Studio Version 17
VisualStudioVersion = 17.7.34024.191
MinimumVisualStudioVersion = 10.0.40219.1
Project("{FAE04EC0-301F-11D3-BF4B-00C04F79EFBC}") = "ConsoleApp1", "ConsoleApp1\ConsoleApp1.csproj", "{160E227B-F689-45F9-A8F7-19FE2019B0E7}"
EndProject
Global
	GlobalSection(SolutionConfigurationPlatforms) = preSolution
		Debug|Any CPU = Debug|Any CPU
		Release|Any CPU = Release|Any CPU
	EndGlobalSection
	GlobalSection(ProjectConfigurationPlatforms) = postSolution
		{160E227B-F689-45F9-A8F7-19FE2019B0E7}.Debug|Any CPU.ActiveCfg = Debug|Any CPU
		{160E227B-F689-45F9-A8F7-19FE2019B0E7}.Debug|Any CPU.Build.0 = Debug|Any CPU
		{160E227B-F689-45F9-A8F7-19FE2019B0E7}.Release|Any CPU.ActiveCfg = Release|Any CPU
		{160E227B-F689-45F9-A8F7-19FE2019B0E7}.Release|Any CPU.Build.0 = Release|Any CPU
	EndGlobalSection
	GlobalSection(SolutionProperties) = preSolution
		HideSolutionNode = FALSE
	EndGlobalSection
	GlobalSection(ExtensibilityGlobals) = postSolution
		SolutionGuid = {B4D2A5FE-E92B-4986-A83B-75EAC129A400}
	EndGlobalSection
EndGlobal
